
Microsoft Visual Studio Solution File, Format Version 12.00
# Visual Studio Version 16
VisualStudioVersion = 16.0.31702.278
MinimumVisualStudioVersion = 10.0.40219.1
Project("{FAE04EC0-301F-11D3-BF4B-00C04F79EFBC}") = "TransactionManager", "TransactionManager\TransactionManager.csproj", "{EAF932CB-1BC5-4383-B846-E198919422AB}"
EndProject
Global
	GlobalSection(SolutionConfigurationPlatforms) = preSolution
		Debug|Any CPU = Debug|Any CPU
		Release|Any CPU = Release|Any CPU
	EndGlobalSection
	GlobalSection(ProjectConfigurationPlatforms) = postSolution
		{EAF932CB-1BC5-4383-B846-E198919422AB}.Debug|Any CPU.ActiveCfg = Debug|Any CPU
		{EAF932CB-1BC5-4383-B846-E198919422AB}.Debug|Any CPU.Build.0 = Debug|Any CPU
		{EAF932CB-1BC5-4383-B846-E198919422AB}.Release|Any CPU.ActiveCfg = Release|Any CPU
		{EAF932CB-1BC5-4383-B846-E198919422AB}.Release|Any CPU.Build.0 = Release|Any CPU
	EndGlobalSection
	GlobalSection(SolutionProperties) = preSolution
		HideSolutionNode = FALSE
	EndGlobalSection
	GlobalSection(ExtensibilityGlobals) = postSolution
		SolutionGuid = {6559537D-DF3C-463E-AA84-875066336419}
	EndGlobalSection
EndGlobal
